// !$*UTF8*$!
{
	archiveVersion = 1;
	classes = {
	};
	objectVersion = 46;
	objects = {

/* Begin PBXBuildFile section */
		8DFA0DC31C15F91B004AFC95 /* main.m in Sources */ = {isa = PBXBuildFile; fileRef = 8DFA0DC21C15F91B004AFC95 /* main.m */; };
		8DFA0DC61C15F91B004AFC95 /* AppDelegate.m in Sources */ = {isa = PBXBuildFile; fileRef = 8DFA0DC51C15F91B004AFC95 /* AppDelegate.m */; };
		8DFA0DC91C15F91B004AFC95 /* MasterViewController.m in Sources */ = {isa = PBXBuildFile; fileRef = 8DFA0DC81C15F91B004AFC95 /* MasterViewController.m */; };
		8DFA0DCC1C15F91B004AFC95 /* DetailViewController.m in Sources */ = {isa = PBXBuildFile; fileRef = 8DFA0DCB1C15F91B004AFC95 /* DetailViewController.m */; };
		8DFA0DCF1C15F91B004AFC95 /* Main.storyboard in Resources */ = {isa = PBXBuildFile; fileRef = 8DFA0DCD1C15F91B004AFC95 /* Main.storyboard */; };
		8DFA0DD11C15F91B004AFC95 /* Assets.xcassets in Resources */ = {isa = PBXBuildFile; fileRef = 8DFA0DD01C15F91B004AFC95 /* Assets.xcassets */; };
		8DFA0DD41C15F91B004AFC95 /* LaunchScreen.storyboard in Resources */ = {isa = PBXBuildFile; fileRef = 8DFA0DD21C15F91B004AFC95 /* LaunchScreen.storyboard */; };
		8DFA0DDF1C15F91C004AFC95 /* First_iOS_AppTests.m in Sources */ = {isa = PBXBuildFile; fileRef = 8DFA0DDE1C15F91C004AFC95 /* First_iOS_AppTests.m */; };
		8DFA0DEA1C15F91C004AFC95 /* First_iOS_AppUITests.m in Sources */ = {isa = PBXBuildFile; fileRef = 8DFA0DE91C15F91C004AFC95 /* First_iOS_AppUITests.m */; };
/* End PBXBuildFile section */

/* Begin PBXContainerItemProxy section */
		8DFA0DDB1C15F91C004AFC95 /* PBXContainerItemProxy */ = {
			isa = PBXContainerItemProxy;
			containerPortal = 8DFA0DB61C15F91B004AFC95 /* Project object */;
			proxyType = 1;
			remoteGlobalIDString = 8DFA0DBD1C15F91B004AFC95;
			remoteInfo = "First iOS App";
		};
		8DFA0DE61C15F91C004AFC95 /* PBXContainerItemProxy */ = {
			isa = PBXContainerItemProxy;
			containerPortal = 8DFA0DB61C15F91B004AFC95 /* Project object */;
			proxyType = 1;
			remoteGlobalIDString = 8DFA0DBD1C15F91B004AFC95;
			remoteInfo = "First iOS App";
		};
/* End PBXContainerItemProxy section */

/* Begin PBXFileReference section */
		8DFA0DBE1C15F91B004AFC95 /* First iOS App.app */ = {isa = PBXFileReference; explicitFileType = wrapper.application; includeInIndex = 0; path = "First iOS App.app"; sourceTree = BUILT_PRODUCTS_DIR; };
		8DFA0DC21C15F91B004AFC95 /* main.m */ = {isa = PBXFileReference; lastKnownFileType = sourcecode.c.objc; path = main.m; sourceTree = "<group>"; };
		8DFA0DC41C15F91B004AFC95 /* AppDelegate.h */ = {isa = PBXFileReference; lastKnownFileType = sourcecode.c.h; path = AppDelegate.h; sourceTree = "<group>"; };
		8DFA0DC51C15F91B004AFC95 /* AppDelegate.m */ = {isa = PBXFileReference; lastKnownFileType = sourcecode.c.objc; path = AppDelegate.m; sourceTree = "<group>"; };
		8DFA0DC71C15F91B004AFC95 /* MasterViewController.h */ = {isa = PBXFileReference; lastKnownFileType = sourcecode.c.h; path = MasterViewController.h; sourceTree = "<group>"; };
		8DFA0DC81C15F91B004AFC95 /* MasterViewController.m */ = {isa = PBXFileReference; lastKnownFileType = sourcecode.c.objc; path = MasterViewController.m; sourceTree = "<group>"; };
		8DFA0DCA1C15F91B004AFC95 /* DetailViewController.h */ = {isa = PBXFileReference; lastKnownFileType = sourcecode.c.h; path = DetailViewController.h; sourceTree = "<group>"; };
		8DFA0DCB1C15F91B004AFC95 /* DetailViewController.m */ = {isa = PBXFileReference; lastKnownFileType = sourcecode.c.objc; path = DetailViewController.m; sourceTree = "<group>"; };
		8DFA0DCE1C15F91B004AFC95 /* Base */ = {isa = PBXFileReference; lastKnownFileType = file.storyboard; name = Base; path = Base.lproj/Main.storyboard; sourceTree = "<group>"; };
		8DFA0DD01C15F91B004AFC95 /* Assets.xcassets */ = {isa = PBXFileReference; lastKnownFileType = folder.assetcatalog; path = Assets.xcassets; sourceTree = "<group>"; };
		8DFA0DD31C15F91B004AFC95 /* Base */ = {isa = PBXFileReference; lastKnownFileType = file.storyboard; name = Base; path = Base.lproj/LaunchScreen.storyboard; sourceTree = "<group>"; };
		8DFA0DD51C15F91B004AFC95 /* Info.plist */ = {isa = PBXFileReference; lastKnownFileType = text.plist.xml; path = Info.plist; sourceTree = "<group>"; };
		8DFA0DDA1C15F91C004AFC95 /* First iOS AppTests.xctest */ = {isa = PBXFileReference; explicitFileType = wrapper.cfbundle; includeInIndex = 0; path = "First iOS AppTests.xctest"; sourceTree = BUILT_PRODUCTS_DIR; };
		8DFA0DDE1C15F91C004AFC95 /* First_iOS_AppTests.m */ = {isa = PBXFileReference; lastKnownFileType = sourcecode.c.objc; path = First_iOS_AppTests.m; sourceTree = "<group>"; };
		8DFA0DE01C15F91C004AFC95 /* Info.plist */ = {isa = PBXFileReference; lastKnownFileType = text.plist.xml; path = Info.plist; sourceTree = "<group>"; };
		8DFA0DE51C15F91C004AFC95 /* First iOS AppUITests.xctest */ = {isa = PBXFileReference; explicitFileType = wrapper.cfbundle; includeInIndex = 0; path = "First iOS AppUITests.xctest"; sourceTree = BUILT_PRODUCTS_DIR; };
		8DFA0DE91C15F91C004AFC95 /* First_iOS_AppUITests.m */ = {isa = PBXFileReference; lastKnownFileType = sourcecode.c.objc; path = First_iOS_AppUITests.m; sourceTree = "<group>"; };
		8DFA0DEB1C15F91C004AFC95 /* Info.plist */ = {isa = PBXFileReference; lastKnownFileType = text.plist.xml; path = Info.plist; sourceTree = "<group>"; };
/* End PBXFileReference section */

/* Begin PBXFrameworksBuildPhase section */
		8DFA0DBB1C15F91B004AFC95 /* Frameworks */ = {
			isa = PBXFrameworksBuildPhase;
			buildActionMask = 2147483647;
			files = (
			);
			runOnlyForDeploymentPostprocessing = 0;
		};
		8DFA0DD71C15F91C004AFC95 /* Frameworks */ = {
			isa = PBXFrameworksBuildPhase;
			buildActionMask = 2147483647;
			files = (
			);
			runOnlyForDeploymentPostprocessing = 0;
		};
		8DFA0DE21C15F91C004AFC95 /* Frameworks */ = {
			isa = PBXFrameworksBuildPhase;
			buildActionMask = 2147483647;
			files = (
			);
			runOnlyForDeploymentPostprocessing = 0;
		};
/* End PBXFrameworksBuildPhase section */

/* Begin PBXGroup section */
		8DFA0DB51C15F91B004AFC95 = {
			isa = PBXGroup;
			children = (
				8DFA0DC01C15F91B004AFC95 /* First iOS App */,
				8DFA0DDD1C15F91C004AFC95 /* First iOS AppTests */,
				8DFA0DE81C15F91C004AFC95 /* First iOS AppUITests */,
				8DFA0DBF1C15F91B004AFC95 /* Products */,
			);
			sourceTree = "<group>";
		};
		8DFA0DBF1C15F91B004AFC95 /* Products */ = {
			isa = PBXGroup;
			children = (
				8DFA0DBE1C15F91B004AFC95 /* First iOS App.app */,
				8DFA0DDA1C15F91C004AFC95 /* First iOS AppTests.xctest */,
				8DFA0DE51C15F91C004AFC95 /* First iOS AppUITests.xctest */,
			);
			name = Products;
			sourceTree = "<group>";
		};
		8DFA0DC01C15F91B004AFC95 /* First iOS App */ = {
			isa = PBXGroup;
			children = (
				8DFA0DC41C15F91B004AFC95 /* AppDelegate.h */,
				8DFA0DC51C15F91B004AFC95 /* AppDelegate.m */,
				8DFA0DC71C15F91B004AFC95 /* MasterViewController.h */,
				8DFA0DC81C15F91B004AFC95 /* MasterViewController.m */,
				8DFA0DCA1C15F91B004AFC95 /* DetailViewController.h */,
				8DFA0DCB1C15F91B004AFC95 /* DetailViewController.m */,
				8DFA0DCD1C15F91B004AFC95 /* Main.storyboard */,
				8DFA0DD01C15F91B004AFC95 /* Assets.xcassets */,
				8DFA0DD21C15F91B004AFC95 /* LaunchScreen.storyboard */,
				8DFA0DD51C15F91B004AFC95 /* Info.plist */,
				8DFA0DC11C15F91B004AFC95 /* Supporting Files */,
			);
			path = "First iOS App";
			sourceTree = "<group>";
		};
		8DFA0DC11C15F91B004AFC95 /* Supporting Files */ = {
			isa = PBXGroup;
			children = (
				8DFA0DC21C15F91B004AFC95 /* main.m */,
			);
			name = "Supporting Files";
			sourceTree = "<group>";
		};
		8DFA0DDD1C15F91C004AFC95 /* First iOS AppTests */ = {
			isa = PBXGroup;
			children = (
				8DFA0DDE1C15F91C004AFC95 /* First_iOS_AppTests.m */,
				8DFA0DE01C15F91C004AFC95 /* Info.plist */,
			);
			path = "First iOS AppTests";
			sourceTree = "<group>";
		};
		8DFA0DE81C15F91C004AFC95 /* First iOS AppUITests */ = {
			isa = PBXGroup;
			children = (
				8DFA0DE91C15F91C004AFC95 /* First_iOS_AppUITests.m */,
				8DFA0DEB1C15F91C004AFC95 /* Info.plist */,
			);
			path = "First iOS AppUITests";
			sourceTree = "<group>";
		};
/* End PBXGroup section */

/* Begin PBXNativeTarget section */
		8DFA0DBD1C15F91B004AFC95 /* First iOS App */ = {
			isa = PBXNativeTarget;
			buildConfigurationList = 8DFA0DEE1C15F91C004AFC95 /* Build configuration list for PBXNativeTarget "First iOS App" */;
			buildPhases = (
				8DFA0DBA1C15F91B004AFC95 /* Sources */,
				8DFA0DBB1C15F91B004AFC95 /* Frameworks */,
				8DFA0DBC1C15F91B004AFC95 /* Resources */,
			);
			buildRules = (
			);
			dependencies = (
			);
			name = "First iOS App";
			productName = "First iOS App";
			productReference = 8DFA0DBE1C15F91B004AFC95 /* First iOS App.app */;
			productType = "com.apple.product-type.application";
		};
		8DFA0DD91C15F91C004AFC95 /* First iOS AppTests */ = {
			isa = PBXNativeTarget;
			buildConfigurationList = 8DFA0DF11C15F91C004AFC95 /* Build configuration list for PBXNativeTarget "First iOS AppTests" */;
			buildPhases = (
				8DFA0DD61C15F91C004AFC95 /* Sources */,
				8DFA0DD71C15F91C004AFC95 /* Frameworks */,
				8DFA0DD81C15F91C004AFC95 /* Resources */,
			);
			buildRules = (
			);
			dependencies = (
				8DFA0DDC1C15F91C004AFC95 /* PBXTargetDependency */,
			);
			name = "First iOS AppTests";
			productName = "First iOS AppTests";
			productReference = 8DFA0DDA1C15F91C004AFC95 /* First iOS AppTests.xctest */;
			productType = "com.apple.product-type.bundle.unit-test";
		};
		8DFA0DE41C15F91C004AFC95 /* First iOS AppUITests */ = {
			isa = PBXNativeTarget;
			buildConfigurationList = 8DFA0DF41C15F91C004AFC95 /* Build configuration list for PBXNativeTarget "First iOS AppUITests" */;
			buildPhases = (
				8DFA0DE11C15F91C004AFC95 /* Sources */,
				8DFA0DE21C15F91C004AFC95 /* Frameworks */,
				8DFA0DE31C15F91C004AFC95 /* Resources */,
			);
			buildRules = (
			);
			dependencies = (
				8DFA0DE71C15F91C004AFC95 /* PBXTargetDependency */,
			);
			name = "First iOS AppUITests";
			productName = "First iOS AppUITests";
			productReference = 8DFA0DE51C15F91C004AFC95 /* First iOS AppUITests.xctest */;
			productType = "com.apple.product-type.bundle.ui-testing";
		};
/* End PBXNativeTarget section */

/* Begin PBXProject section */
		8DFA0DB61C15F91B004AFC95 /* Project object */ = {
			isa = PBXProject;
			attributes = {
				LastUpgradeCheck = 0710;
				ORGANIZATIONNAME = "alex miller";
				TargetAttributes = {
					8DFA0DBD1C15F91B004AFC95 = {
						CreatedOnToolsVersion = 7.1.1;
					};
					8DFA0DD91C15F91C004AFC95 = {
						CreatedOnToolsVersion = 7.1.1;
						TestTargetID = 8DFA0DBD1C15F91B004AFC95;
					};
					8DFA0DE41C15F91C004AFC95 = {
						CreatedOnToolsVersion = 7.1.1;
						TestTargetID = 8DFA0DBD1C15F91B004AFC95;
					};
				};
			};
			buildConfigurationList = 8DFA0DB91C15F91B004AFC95 /* Build configuration list for PBXProject "First iOS App" */;
			compatibilityVersion = "Xcode 3.2";
			developmentRegion = English;
			hasScannedForEncodings = 0;
			knownRegions = (
				en,
				Base,
			);
			mainGroup = 8DFA0DB51C15F91B004AFC95;
			productRefGroup = 8DFA0DBF1C15F91B004AFC95 /* Products */;
			projectDirPath = "";
			projectRoot = "";
			targets = (
				8DFA0DBD1C15F91B004AFC95 /* First iOS App */,
				8DFA0DD91C15F91C004AFC95 /* First iOS AppTests */,
				8DFA0DE41C15F91C004AFC95 /* First iOS AppUITests */,
			);
		};
/* End PBXProject section */

/* Begin PBXResourcesBuildPhase section */
		8DFA0DBC1C15F91B004AFC95 /* Resources */ = {
			isa = PBXResourcesBuildPhase;
			buildActionMask = 2147483647;
			files = (
				8DFA0DD41C15F91B004AFC95 /* LaunchScreen.storyboard in Resources */,
				8DFA0DD11C15F91B004AFC95 /* Assets.xcassets in Resources */,
				8DFA0DCF1C15F91B004AFC95 /* Main.storyboard in Resources */,
			);
			runOnlyForDeploymentPostprocessing = 0;
		};
		8DFA0DD81C15F91C004AFC95 /* Resources */ = {
			isa = PBXResourcesBuildPhase;
			buildActionMask = 2147483647;
			files = (
			);
			runOnlyForDeploymentPostprocessing = 0;
		};
		8DFA0DE31C15F91C004AFC95 /* Resources */ = {
			isa = PBXResourcesBuildPhase;
			buildActionMask = 2147483647;
			files = (
			);
			runOnlyForDeploymentPostprocessing = 0;
		};
/* End PBXResourcesBuildPhase section */

/* Begin PBXSourcesBuildPhase section */
		8DFA0DBA1C15F91B004AFC95 /* Sources */ = {
			isa = PBXSourcesBuildPhase;
			buildActionMask = 2147483647;
			files = (
				8DFA0DC61C15F91B004AFC95 /* AppDelegate.m in Sources */,
				8DFA0DC91C15F91B004AFC95 /* MasterViewController.m in Sources */,
				8DFA0DC31C15F91B004AFC95 /* main.m in Sources */,
				8DFA0DCC1C15F91B004AFC95 /* DetailViewController.m in Sources */,
			);
			runOnlyForDeploymentPostprocessing = 0;
		};
		8DFA0DD61C15F91C004AFC95 /* Sources */ = {
			isa = PBXSourcesBuildPhase;
			buildActionMask = 2147483647;
			files = (
				8DFA0DDF1C15F91C004AFC95 /* First_iOS_AppTests.m in Sources */,
			);
			runOnlyForDeploymentPostprocessing = 0;
		};
		8DFA0DE11C15F91C004AFC95 /* Sources */ = {
			isa = PBXSourcesBuildPhase;
			buildActionMask = 2147483647;
			files = (
				8DFA0DEA1C15F91C004AFC95 /* First_iOS_AppUITests.m in Sources */,
			);
			runOnlyForDeploymentPostprocessing = 0;
		};
/* End PBXSourcesBuildPhase section */

/* Begin PBXTargetDependency section */
		8DFA0DDC1C15F91C004AFC95 /* PBXTargetDependency */ = {
			isa = PBXTargetDependency;
			target = 8DFA0DBD1C15F91B004AFC95 /* First iOS App */;
			targetProxy = 8DFA0DDB1C15F91C004AFC95 /* PBXContainerItemProxy */;
		};
		8DFA0DE71C15F91C004AFC95 /* PBXTargetDependency */ = {
			isa = PBXTargetDependency;
			target = 8DFA0DBD1C15F91B004AFC95 /* First iOS App */;
			targetProxy = 8DFA0DE61C15F91C004AFC95 /* PBXContainerItemProxy */;
		};
/* End PBXTargetDependency section */

/* Begin PBXVariantGroup section */
		8DFA0DCD1C15F91B004AFC95 /* Main.storyboard */ = {
			isa = PBXVariantGroup;
			children = (
				8DFA0DCE1C15F91B004AFC95 /* Base */,
			);
			name = Main.storyboard;
			sourceTree = "<group>";
		};
		8DFA0DD21C15F91B004AFC95 /* LaunchScreen.storyboard */ = {
			isa = PBXVariantGroup;
			children = (
				8DFA0DD31C15F91B004AFC95 /* Base */,
			);
			name = LaunchScreen.storyboard;
			sourceTree = "<group>";
		};
/* End PBXVariantGroup section */

/* Begin XCBuildConfiguration section */
		8DFA0DEC1C15F91C004AFC95 /* Debug */ = {
			isa = XCBuildConfiguration;
			buildSettings = {
				ALWAYS_SEARCH_USER_PATHS = NO;
				CLANG_CXX_LANGUAGE_STANDARD = "gnu++0x";
				CLANG_CXX_LIBRARY = "libc++";
				CLANG_ENABLE_MODULES = YES;
				CLANG_ENABLE_OBJC_ARC = YES;
				CLANG_WARN_BOOL_CONVERSION = YES;
				CLANG_WARN_CONSTANT_CONVERSION = YES;
				CLANG_WARN_DIRECT_OBJC_ISA_USAGE = YES_ERROR;
				CLANG_WARN_EMPTY_BODY = YES;
				CLANG_WARN_ENUM_CONVERSION = YES;
				CLANG_WARN_INT_CONVERSION = YES;
				CLANG_WARN_OBJC_ROOT_CLASS = YES_ERROR;
				CLANG_WARN_UNREACHABLE_CODE = YES;
				CLANG_WARN__DUPLICATE_METHOD_MATCH = YES;
				"CODE_SIGN_IDENTITY[sdk=iphoneos*]" = "iPhone Developer";
				COPY_PHASE_STRIP = NO;
				DEBUG_INFORMATION_FORMAT = dwarf;
				ENABLE_STRICT_OBJC_MSGSEND = YES;
				ENABLE_TESTABILITY = YES;
				GCC_C_LANGUAGE_STANDARD = gnu99;
				GCC_DYNAMIC_NO_PIC = NO;
				GCC_NO_COMMON_BLOCKS = YES;
				GCC_OPTIMIZATION_LEVEL = 0;
				GCC_PREPROCESSOR_DEFINITIONS = (
					"DEBUG=1",
					"$(inherited)",
				);
				GCC_WARN_64_TO_32_BIT_CONVERSION = YES;
				GCC_WARN_ABOUT_RETURN_TYPE = YES_ERROR;
				GCC_WARN_UNDECLARED_SELECTOR = YES;
				GCC_WARN_UNINITIALIZED_AUTOS = YES_AGGRESSIVE;
				GCC_WARN_UNUSED_FUNCTION = YES;
				GCC_WARN_UNUSED_VARIABLE = YES;
				IPHONEOS_DEPLOYMENT_TARGET = 9.1;
				MTL_ENABLE_DEBUG_INFO = YES;
				ONLY_ACTIVE_ARCH = YES;
				SDKROOT = iphoneos;
				TARGETED_DEVICE_FAMILY = "1,2";
			};
			name = Debug;
		};
		8DFA0DED1C15F91C004AFC95 /* Release */ = {
			isa = XCBuildConfiguration;
			buildSettings = {
				ALWAYS_SEARCH_USER_PATHS = NO;
				CLANG_CXX_LANGUAGE_STANDARD = "gnu++0x";
				CLANG_CXX_LIBRARY = "libc++";
				CLANG_ENABLE_MODULES = YES;
				CLANG_ENABLE_OBJC_ARC = YES;
				CLANG_WARN_BOOL_CONVERSION = YES;
				CLANG_WARN_CONSTANT_CONVERSION = YES;
				CLANG_WARN_DIRECT_OBJC_ISA_USAGE = YES_ERROR;
				CLANG_WARN_EMPTY_BODY = YES;
				CLANG_WARN_ENUM_CONVERSION = YES;
				CLANG_WARN_INT_CONVERSION = YES;
				CLANG_WARN_OBJC_ROOT_CLASS = YES_ERROR;
				CLANG_WARN_UNREACHABLE_CODE = YES;
				CLANG_WARN__DUPLICATE_METHOD_MATCH = YES;
				"CODE_SIGN_IDENTITY[sdk=iphoneos*]" = "iPhone Developer";
				COPY_PHASE_STRIP = NO;
				DEBUG_INFORMATION_FORMAT = "dwarf-with-dsym";
				ENABLE_NS_ASSERTIONS = NO;
				ENABLE_STRICT_OBJC_MSGSEND = YES;
				GCC_C_LANGUAGE_STANDARD = gnu99;
				GCC_NO_COMMON_BLOCKS = YES;
				GCC_WARN_64_TO_32_BIT_CONVERSION = YES;
				GCC_WARN_ABOUT_RETURN_TYPE = YES_ERROR;
				GCC_WARN_UNDECLARED_SELECTOR = YES;
				GCC_WARN_UNINITIALIZED_AUTOS = YES_AGGRESSIVE;
				GCC_WARN_UNUSED_FUNCTION = YES;
				GCC_WARN_UNUSED_VARIABLE = YES;
				IPHONEOS_DEPLOYMENT_TARGET = 9.1;
				MTL_ENABLE_DEBUG_INFO = NO;
				SDKROOT = iphoneos;
				TARGETED_DEVICE_FAMILY = "1,2";
				VALIDATE_PRODUCT = YES;
			};
			name = Release;
		};
		8DFA0DEF1C15F91C004AFC95 /* Debug */ = {
			isa = XCBuildConfiguration;
			buildSettings = {
				ASSETCATALOG_COMPILER_APPICON_NAME = AppIcon;
				INFOPLIST_FILE = "First iOS App/Info.plist";
				LD_RUNPATH_SEARCH_PATHS = "$(inherited) @executable_path/Frameworks";
				PRODUCT_BUNDLE_IDENTIFIER = "test.First-iOS-App";
				PRODUCT_NAME = "$(TARGET_NAME)";
			};
			name = Debug;
		};
		8DFA0DF01C15F91C004AFC95 /* Release */ = {
			isa = XCBuildConfiguration;
			buildSettings = {
				ASSETCATALOG_COMPILER_APPICON_NAME = AppIcon;
				INFOPLIST_FILE = "First iOS App/Info.plist";
				LD_RUNPATH_SEARCH_PATHS = "$(inherited) @executable_path/Frameworks";
				PRODUCT_BUNDLE_IDENTIFIER = "test.First-iOS-App";
				PRODUCT_NAME = "$(TARGET_NAME)";
			};
			name = Release;
		};
		8DFA0DF21C15F91C004AFC95 /* Debug */ = {
			isa = XCBuildConfiguration;
			buildSettings = {
				BUNDLE_LOADER = "$(TEST_HOST)";
				INFOPLIST_FILE = "First iOS AppTests/Info.plist";
				LD_RUNPATH_SEARCH_PATHS = "$(inherited) @executable_path/Frameworks @loader_path/Frameworks";
				PRODUCT_BUNDLE_IDENTIFIER = "test.First-iOS-AppTests";
				PRODUCT_NAME = "$(TARGET_NAME)";
				TEST_HOST = "$(BUILT_PRODUCTS_DIR)/First iOS App.app/First iOS App";
			};
			name = Debug;
		};
		8DFA0DF31C15F91C004AFC95 /* Release */ = {
			isa = XCBuildConfiguration;
			buildSettings = {
				BUNDLE_LOADER = "$(TEST_HOST)";
				INFOPLIST_FILE = "First iOS AppTests/Info.plist";
				LD_RUNPATH_SEARCH_PATHS = "$(inherited) @executable_path/Frameworks @loader_path/Frameworks";
				PRODUCT_BUNDLE_IDENTIFIER = "test.First-iOS-AppTests";
				PRODUCT_NAME = "$(TARGET_NAME)";
				TEST_HOST = "$(BUILT_PRODUCTS_DIR)/First iOS App.app/First iOS App";
			};
			name = Release;
		};
		8DFA0DF51C15F91C004AFC95 /* Debug */ = {
			isa = XCBuildConfiguration;
			buildSettings = {
				INFOPLIST_FILE = "First iOS AppUITests/Info.plist";
				LD_RUNPATH_SEARCH_PATHS = "$(inherited) @executable_path/Frameworks @loader_path/Frameworks";
				PRODUCT_BUNDLE_IDENTIFIER = "test.First-iOS-AppUITests";
				PRODUCT_NAME = "$(TARGET_NAME)";
				TEST_TARGET_NAME = "First iOS App";
				USES_XCTRUNNER = YES;
			};
			name = Debug;
		};
		8DFA0DF61C15F91C004AFC95 /* Release */ = {
			isa = XCBuildConfiguration;
			buildSettings = {
				INFOPLIST_FILE = "First iOS AppUITests/Info.plist";
				LD_RUNPATH_SEARCH_PATHS = "$(inherited) @executable_path/Frameworks @loader_path/Frameworks";
				PRODUCT_BUNDLE_IDENTIFIER = "test.First-iOS-AppUITests";
				PRODUCT_NAME = "$(TARGET_NAME)";
				TEST_TARGET_NAME = "First iOS App";
				USES_XCTRUNNER = YES;
			};
			name = Release;
		};
/* End XCBuildConfiguration section */

/* Begin XCConfigurationList section */
		8DFA0DB91C15F91B004AFC95 /* Build configuration list for PBXProject "First iOS App" */ = {
			isa = XCConfigurationList;
			buildConfigurations = (
				8DFA0DEC1C15F91C004AFC95 /* Debug */,
				8DFA0DED1C15F91C004AFC95 /* Release */,
			);
			defaultConfigurationIsVisible = 0;
			defaultConfigurationName = Release;
		};
		8DFA0DEE1C15F91C004AFC95 /* Build configuration list for PBXNativeTarget "First iOS App" */ = {
			isa = XCConfigurationList;
			buildConfigurations = (
				8DFA0DEF1C15F91C004AFC95 /* Debug */,
				8DFA0DF01C15F91C004AFC95 /* Release */,
			);
			defaultConfigurationIsVisible = 0;
		};
		8DFA0DF11C15F91C004AFC95 /* Build configuration list for PBXNativeTarget "First iOS AppTests" */ = {
			isa = XCConfigurationList;
			buildConfigurations = (
				8DFA0DF21C15F91C004AFC95 /* Debug */,
				8DFA0DF31C15F91C004AFC95 /* Release */,
			);
			defaultConfigurationIsVisible = 0;
		};
		8DFA0DF41C15F91C004AFC95 /* Build configuration list for PBXNativeTarget "First iOS AppUITests" */ = {
			isa = XCConfigurationList;
			buildConfigurations = (
				8DFA0DF51C15F91C004AFC95 /* Debug */,
				8DFA0DF61C15F91C004AFC95 /* Release */,
			);
			defaultConfigurationIsVisible = 0;
		};
/* End XCConfigurationList section */
	};
	rootObject = 8DFA0DB61C15F91B004AFC95 /* Project object */;
}
